
Microsoft Visual Studio Solution File, Format Version 12.00
# Visual Studio Version 17
VisualStudioVersion = 17.1.32421.90
MinimumVisualStudioVersion = 10.0.40219.1
Project("{FAE04EC0-301F-11D3-BF4B-00C04F79EFBC}") = "Solitaire", "Solitaire\Solitaire.csproj", "{F93CB858-F06A-4FC1-BC1A-EC272272644F}"
EndProject
Global
	GlobalSection(SolutionConfigurationPlatforms) = preSolution
		Debug|Any CPU = Debug|Any CPU
		Release|Any CPU = Release|Any CPU
	EndGlobalSection
	GlobalSection(ProjectConfigurationPlatforms) = postSolution
		{F93CB858-F06A-4FC1-BC1A-EC272272644F}.Debug|Any CPU.ActiveCfg = Debug|Any CPU
		{F93CB858-F06A-4FC1-BC1A-EC272272644F}.Debug|Any CPU.Build.0 = Debug|Any CPU
		{F93CB858-F06A-4FC1-BC1A-EC272272644F}.Release|Any CPU.ActiveCfg = Release|Any CPU
		{F93CB858-F06A-4FC1-BC1A-EC272272644F}.Release|Any CPU.Build.0 = Release|Any CPU
	EndGlobalSection
	GlobalSection(SolutionProperties) = preSolution
		HideSolutionNode = FALSE
	EndGlobalSection
	GlobalSection(ExtensibilityGlobals) = postSolution
		SolutionGuid = {3D3F1E3E-6C41-4BB3-BF85-5F093271DCF9}
	EndGlobalSection
EndGlobal
